// !$*UTF8*$!
{
	archiveVersion = 1;
	classes = {
	};
	objectVersion = 50;
	objects = {

/* Begin PBXBuildFile section */
		DC247869221C375000B963BA /* LeagueCellViewModel.swift in Sources */ = {isa = PBXBuildFile; fileRef = DC247868221C375000B963BA /* LeagueCellViewModel.swift */; };
		DC24786B221C393F00B963BA /* NetworkConstatants.swift in Sources */ = {isa = PBXBuildFile; fileRef = DC24786A221C393F00B963BA /* NetworkConstatants.swift */; };
		DC24786D221C39A200B963BA /* URLSession+NetworkSession.swift in Sources */ = {isa = PBXBuildFile; fileRef = DC24786C221C39A200B963BA /* URLSession+NetworkSession.swift */; };
		DC24786F221C3F5300B963BA /* ThreadUtil.swift in Sources */ = {isa = PBXBuildFile; fileRef = DC24786E221C3F5300B963BA /* ThreadUtil.swift */; };
		DC247872221C439C00B963BA /* TeamListViewController.swift in Sources */ = {isa = PBXBuildFile; fileRef = DC247871221C439C00B963BA /* TeamListViewController.swift */; };
		DC247876221C445500B963BA /* TeamListViewModel.swift in Sources */ = {isa = PBXBuildFile; fileRef = DC247875221C445500B963BA /* TeamListViewModel.swift */; };
		DC247878221C446600B963BA /* State.swift in Sources */ = {isa = PBXBuildFile; fileRef = DC247877221C446600B963BA /* State.swift */; };
		DC24787A221C462A00B963BA /* TeamCellViewModel.swift in Sources */ = {isa = PBXBuildFile; fileRef = DC247879221C462A00B963BA /* TeamCellViewModel.swift */; };
		DC24787C221C494A00B963BA /* UIColor+HEX.swift in Sources */ = {isa = PBXBuildFile; fileRef = DC24787B221C494A00B963BA /* UIColor+HEX.swift */; };
		DC24787F221C4A5100B963BA /* TeamTableViewCell.swift in Sources */ = {isa = PBXBuildFile; fileRef = DC24787D221C4A5100B963BA /* TeamTableViewCell.swift */; };
		DC247880221C4A5100B963BA /* TeamTableViewCell.xib in Resources */ = {isa = PBXBuildFile; fileRef = DC24787E221C4A5100B963BA /* TeamTableViewCell.xib */; };
		DC268E36221B19A4003CCAA0 /* AppDelegate.swift in Sources */ = {isa = PBXBuildFile; fileRef = DC268E35221B19A4003CCAA0 /* AppDelegate.swift */; };
		DC268E38221B19A4003CCAA0 /* LeagueListViewController.swift in Sources */ = {isa = PBXBuildFile; fileRef = DC268E37221B19A4003CCAA0 /* LeagueListViewController.swift */; };
		DC268E3B221B19A4003CCAA0 /* Main.storyboard in Resources */ = {isa = PBXBuildFile; fileRef = DC268E39221B19A4003CCAA0 /* Main.storyboard */; };
		DC268E3D221B19A5003CCAA0 /* Assets.xcassets in Resources */ = {isa = PBXBuildFile; fileRef = DC268E3C221B19A5003CCAA0 /* Assets.xcassets */; };
		DC268E40221B19A5003CCAA0 /* LaunchScreen.storyboard in Resources */ = {isa = PBXBuildFile; fileRef = DC268E3E221B19A5003CCAA0 /* LaunchScreen.storyboard */; };
		DC268E4B221B19A5003CCAA0 /* LeagueNavigatorTests.swift in Sources */ = {isa = PBXBuildFile; fileRef = DC268E4A221B19A5003CCAA0 /* LeagueNavigatorTests.swift */; };
		DC268E5A221B1AD1003CCAA0 /* NetworkSession.swift in Sources */ = {isa = PBXBuildFile; fileRef = DC268E59221B1AD1003CCAA0 /* NetworkSession.swift */; };
		DC268E5C221B1AE1003CCAA0 /* Request.swift in Sources */ = {isa = PBXBuildFile; fileRef = DC268E5B221B1AE1003CCAA0 /* Request.swift */; };
		DC268E5F221B1C2F003CCAA0 /* Result.swift in Sources */ = {isa = PBXBuildFile; fileRef = DC268E5E221B1C2F003CCAA0 /* Result.swift */; };
		DC268E61221B1CC2003CCAA0 /* APIClient.swift in Sources */ = {isa = PBXBuildFile; fileRef = DC268E60221B1CC2003CCAA0 /* APIClient.swift */; };
		DC268E64221B1D2F003CCAA0 /* LeagueAPIClient.swift in Sources */ = {isa = PBXBuildFile; fileRef = DC268E63221B1D2F003CCAA0 /* LeagueAPIClient.swift */; };
		DC268E67221B1DC8003CCAA0 /* League.swift in Sources */ = {isa = PBXBuildFile; fileRef = DC268E66221B1DC8003CCAA0 /* League.swift */; };
		DC268E69221B1E35003CCAA0 /* Team.swift in Sources */ = {isa = PBXBuildFile; fileRef = DC268E68221B1E35003CCAA0 /* Team.swift */; };
		DC268E6B221B1FC0003CCAA0 /* LeagueService.swift in Sources */ = {isa = PBXBuildFile; fileRef = DC268E6A221B1FC0003CCAA0 /* LeagueService.swift */; };
		DC268E6D221B262E003CCAA0 /* LeaguesDetailsService.swift in Sources */ = {isa = PBXBuildFile; fileRef = DC268E6C221B262E003CCAA0 /* LeaguesDetailsService.swift */; };
		DC268E6F221B2984003CCAA0 /* NetworkError.swift in Sources */ = {isa = PBXBuildFile; fileRef = DC268E6E221B2984003CCAA0 /* NetworkError.swift */; };
		DC268E76221B2E16003CCAA0 /* LeagueListViewModel.swift in Sources */ = {isa = PBXBuildFile; fileRef = DC268E75221B2E16003CCAA0 /* LeagueListViewModel.swift */; };
/* End PBXBuildFile section */

/* Begin PBXContainerItemProxy section */
		DC268E47221B19A5003CCAA0 /* PBXContainerItemProxy */ = {
			isa = PBXContainerItemProxy;
			containerPortal = DC268E2A221B19A3003CCAA0 /* Project object */;
			proxyType = 1;
			remoteGlobalIDString = DC268E31221B19A3003CCAA0;
			remoteInfo = LeagueNavigator;
		};
/* End PBXContainerItemProxy section */

/* Begin PBXFileReference section */
		DC247868221C375000B963BA /* LeagueCellViewModel.swift */ = {isa = PBXFileReference; lastKnownFileType = sourcecode.swift; path = LeagueCellViewModel.swift; sourceTree = "<group>"; };
		DC24786A221C393F00B963BA /* NetworkConstatants.swift */ = {isa = PBXFileReference; lastKnownFileType = sourcecode.swift; path = NetworkConstatants.swift; sourceTree = "<group>"; };
		DC24786C221C39A200B963BA /* URLSession+NetworkSession.swift */ = {isa = PBXFileReference; lastKnownFileType = sourcecode.swift; path = "URLSession+NetworkSession.swift"; sourceTree = "<group>"; };
		DC24786E221C3F5300B963BA /* ThreadUtil.swift */ = {isa = PBXFileReference; lastKnownFileType = sourcecode.swift; path = ThreadUtil.swift; sourceTree = "<group>"; };
		DC247871221C439C00B963BA /* TeamListViewController.swift */ = {isa = PBXFileReference; lastKnownFileType = sourcecode.swift; path = TeamListViewController.swift; sourceTree = "<group>"; };
		DC247875221C445500B963BA /* TeamListViewModel.swift */ = {isa = PBXFileReference; lastKnownFileType = sourcecode.swift; path = TeamListViewModel.swift; sourceTree = "<group>"; };
		DC247877221C446600B963BA /* State.swift */ = {isa = PBXFileReference; lastKnownFileType = sourcecode.swift; path = State.swift; sourceTree = "<group>"; };
		DC247879221C462A00B963BA /* TeamCellViewModel.swift */ = {isa = PBXFileReference; lastKnownFileType = sourcecode.swift; path = TeamCellViewModel.swift; sourceTree = "<group>"; };
		DC24787B221C494A00B963BA /* UIColor+HEX.swift */ = {isa = PBXFileReference; lastKnownFileType = sourcecode.swift; path = "UIColor+HEX.swift"; sourceTree = "<group>"; };
		DC24787D221C4A5100B963BA /* TeamTableViewCell.swift */ = {isa = PBXFileReference; lastKnownFileType = sourcecode.swift; path = TeamTableViewCell.swift; sourceTree = "<group>"; };
		DC24787E221C4A5100B963BA /* TeamTableViewCell.xib */ = {isa = PBXFileReference; lastKnownFileType = file.xib; path = TeamTableViewCell.xib; sourceTree = "<group>"; };
		DC268E32221B19A3003CCAA0 /* LeagueNavigator.app */ = {isa = PBXFileReference; explicitFileType = wrapper.application; includeInIndex = 0; path = LeagueNavigator.app; sourceTree = BUILT_PRODUCTS_DIR; };
		DC268E35221B19A4003CCAA0 /* AppDelegate.swift */ = {isa = PBXFileReference; lastKnownFileType = sourcecode.swift; path = AppDelegate.swift; sourceTree = "<group>"; };
		DC268E37221B19A4003CCAA0 /* LeagueListViewController.swift */ = {isa = PBXFileReference; lastKnownFileType = sourcecode.swift; path = LeagueListViewController.swift; sourceTree = "<group>"; };
		DC268E3A221B19A4003CCAA0 /* Base */ = {isa = PBXFileReference; lastKnownFileType = file.storyboard; name = Base; path = Base.lproj/Main.storyboard; sourceTree = "<group>"; };
		DC268E3C221B19A5003CCAA0 /* Assets.xcassets */ = {isa = PBXFileReference; lastKnownFileType = folder.assetcatalog; path = Assets.xcassets; sourceTree = "<group>"; };
		DC268E3F221B19A5003CCAA0 /* Base */ = {isa = PBXFileReference; lastKnownFileType = file.storyboard; name = Base; path = Base.lproj/LaunchScreen.storyboard; sourceTree = "<group>"; };
		DC268E41221B19A5003CCAA0 /* Info.plist */ = {isa = PBXFileReference; lastKnownFileType = text.plist.xml; path = Info.plist; sourceTree = "<group>"; };
		DC268E46221B19A5003CCAA0 /* LeagueNavigatorTests.xctest */ = {isa = PBXFileReference; explicitFileType = wrapper.cfbundle; includeInIndex = 0; path = LeagueNavigatorTests.xctest; sourceTree = BUILT_PRODUCTS_DIR; };
		DC268E4A221B19A5003CCAA0 /* LeagueNavigatorTests.swift */ = {isa = PBXFileReference; lastKnownFileType = sourcecode.swift; path = LeagueNavigatorTests.swift; sourceTree = "<group>"; };
		DC268E4C221B19A5003CCAA0 /* Info.plist */ = {isa = PBXFileReference; lastKnownFileType = text.plist.xml; path = Info.plist; sourceTree = "<group>"; };
		DC268E59221B1AD1003CCAA0 /* NetworkSession.swift */ = {isa = PBXFileReference; lastKnownFileType = sourcecode.swift; path = NetworkSession.swift; sourceTree = "<group>"; };
		DC268E5B221B1AE1003CCAA0 /* Request.swift */ = {isa = PBXFileReference; lastKnownFileType = sourcecode.swift; path = Request.swift; sourceTree = "<group>"; };
		DC268E5E221B1C2F003CCAA0 /* Result.swift */ = {isa = PBXFileReference; lastKnownFileType = sourcecode.swift; path = Result.swift; sourceTree = "<group>"; };
		DC268E60221B1CC2003CCAA0 /* APIClient.swift */ = {isa = PBXFileReference; lastKnownFileType = sourcecode.swift; path = APIClient.swift; sourceTree = "<group>"; };
		DC268E63221B1D2F003CCAA0 /* LeagueAPIClient.swift */ = {isa = PBXFileReference; lastKnownFileType = sourcecode.swift; path = LeagueAPIClient.swift; sourceTree = "<group>"; };
		DC268E66221B1DC8003CCAA0 /* League.swift */ = {isa = PBXFileReference; lastKnownFileType = sourcecode.swift; path = League.swift; sourceTree = "<group>"; };
		DC268E68221B1E35003CCAA0 /* Team.swift */ = {isa = PBXFileReference; lastKnownFileType = sourcecode.swift; path = Team.swift; sourceTree = "<group>"; };
		DC268E6A221B1FC0003CCAA0 /* LeagueService.swift */ = {isa = PBXFileReference; lastKnownFileType = sourcecode.swift; path = LeagueService.swift; sourceTree = "<group>"; };
		DC268E6C221B262E003CCAA0 /* LeaguesDetailsService.swift */ = {isa = PBXFileReference; lastKnownFileType = sourcecode.swift; path = LeaguesDetailsService.swift; sourceTree = "<group>"; };
		DC268E6E221B2984003CCAA0 /* NetworkError.swift */ = {isa = PBXFileReference; lastKnownFileType = sourcecode.swift; path = NetworkError.swift; sourceTree = "<group>"; };
		DC268E75221B2E16003CCAA0 /* LeagueListViewModel.swift */ = {isa = PBXFileReference; lastKnownFileType = sourcecode.swift; path = LeagueListViewModel.swift; sourceTree = "<group>"; };
/* End PBXFileReference section */

/* Begin PBXFrameworksBuildPhase section */
		DC268E2F221B19A3003CCAA0 /* Frameworks */ = {
			isa = PBXFrameworksBuildPhase;
			buildActionMask = 2147483647;
			files = (
			);
			runOnlyForDeploymentPostprocessing = 0;
		};
		DC268E43221B19A5003CCAA0 /* Frameworks */ = {
			isa = PBXFrameworksBuildPhase;
			buildActionMask = 2147483647;
			files = (
			);
			runOnlyForDeploymentPostprocessing = 0;
		};
/* End PBXFrameworksBuildPhase section */

/* Begin PBXGroup section */
		DC247870221C436300B963BA /* Storyboards */ = {
			isa = PBXGroup;
			children = (
				DC268E39221B19A4003CCAA0 /* Main.storyboard */,
				DC268E3E221B19A5003CCAA0 /* LaunchScreen.storyboard */,
			);
			path = Storyboards;
			sourceTree = "<group>";
		};
		DC247874221C43AF00B963BA /* TeamList */ = {
			isa = PBXGroup;
			children = (
				DC247871221C439C00B963BA /* TeamListViewController.swift */,
				DC247875221C445500B963BA /* TeamListViewModel.swift */,
				DC247879221C462A00B963BA /* TeamCellViewModel.swift */,
				DC24787D221C4A5100B963BA /* TeamTableViewCell.swift */,
				DC24787E221C4A5100B963BA /* TeamTableViewCell.xib */,
			);
			path = TeamList;
			sourceTree = "<group>";
		};
		DC268E29221B19A3003CCAA0 = {
			isa = PBXGroup;
			children = (
				DC268E34221B19A3003CCAA0 /* LeagueNavigator */,
				DC268E49221B19A5003CCAA0 /* LeagueNavigatorTests */,
				DC268E33221B19A3003CCAA0 /* Products */,
			);
			sourceTree = "<group>";
		};
		DC268E33221B19A3003CCAA0 /* Products */ = {
			isa = PBXGroup;
			children = (
				DC268E32221B19A3003CCAA0 /* LeagueNavigator.app */,
				DC268E46221B19A5003CCAA0 /* LeagueNavigatorTests.xctest */,
			);
			name = Products;
			sourceTree = "<group>";
		};
		DC268E34221B19A3003CCAA0 /* LeagueNavigator */ = {
			isa = PBXGroup;
			children = (
				DC268E65221B1D97003CCAA0 /* Models */,
				DC268E5D221B1B8B003CCAA0 /* Foundation */,
				DC268E55221B1A41003CCAA0 /* Network */,
				DC268E57221B1A88003CCAA0 /* Scenes */,
				DC268E56221B1A5A003CCAA0 /* Resources */,
			);
			path = LeagueNavigator;
			sourceTree = "<group>";
		};
		DC268E49221B19A5003CCAA0 /* LeagueNavigatorTests */ = {
			isa = PBXGroup;
			children = (
				DC268E4A221B19A5003CCAA0 /* LeagueNavigatorTests.swift */,
				DC268E4C221B19A5003CCAA0 /* Info.plist */,
			);
			path = LeagueNavigatorTests;
			sourceTree = "<group>";
		};
		DC268E55221B1A41003CCAA0 /* Network */ = {
			isa = PBXGroup;
			children = (
				DC268E62221B1D1C003CCAA0 /* Services */,
				DC268E58221B1ABC003CCAA0 /* Foundation */,
			);
			path = Network;
			sourceTree = "<group>";
		};
		DC268E56221B1A5A003CCAA0 /* Resources */ = {
			isa = PBXGroup;
			children = (
				DC268E3C221B19A5003CCAA0 /* Assets.xcassets */,
				DC268E41221B19A5003CCAA0 /* Info.plist */,
			);
			name = Resources;
			sourceTree = "<group>";
		};
		DC268E57221B1A88003CCAA0 /* Scenes */ = {
			isa = PBXGroup;
			children = (
				DC247874221C43AF00B963BA /* TeamList */,
				DC268E72221B2DDB003CCAA0 /* LeagueList */,
				DC247870221C436300B963BA /* Storyboards */,
			);
			path = Scenes;
			sourceTree = "<group>";
		};
		DC268E58221B1ABC003CCAA0 /* Foundation */ = {
			isa = PBXGroup;
			children = (
				DC268E59221B1AD1003CCAA0 /* NetworkSession.swift */,
				DC268E5B221B1AE1003CCAA0 /* Request.swift */,
				DC268E60221B1CC2003CCAA0 /* APIClient.swift */,
				DC268E6E221B2984003CCAA0 /* NetworkError.swift */,
				DC24786A221C393F00B963BA /* NetworkConstatants.swift */,
			);
			path = Foundation;
			sourceTree = "<group>";
		};
		DC268E5D221B1B8B003CCAA0 /* Foundation */ = {
			isa = PBXGroup;
			children = (
				DC268E35221B19A4003CCAA0 /* AppDelegate.swift */,
				DC268E5E221B1C2F003CCAA0 /* Result.swift */,
				DC24786E221C3F5300B963BA /* ThreadUtil.swift */,
				DC247877221C446600B963BA /* State.swift */,
				DC24787B221C494A00B963BA /* UIColor+HEX.swift */,
			);
			path = Foundation;
			sourceTree = "<group>";
		};
		DC268E62221B1D1C003CCAA0 /* Services */ = {
			isa = PBXGroup;
			children = (
				DC268E63221B1D2F003CCAA0 /* LeagueAPIClient.swift */,
				DC268E6A221B1FC0003CCAA0 /* LeagueService.swift */,
				DC268E6C221B262E003CCAA0 /* LeaguesDetailsService.swift */,
				DC24786C221C39A200B963BA /* URLSession+NetworkSession.swift */,
			);
			path = Services;
			sourceTree = "<group>";
		};
		DC268E65221B1D97003CCAA0 /* Models */ = {
			isa = PBXGroup;
			children = (
				DC268E66221B1DC8003CCAA0 /* League.swift */,
				DC268E68221B1E35003CCAA0 /* Team.swift */,
			);
			path = Models;
			sourceTree = "<group>";
		};
		DC268E72221B2DDB003CCAA0 /* LeagueList */ = {
			isa = PBXGroup;
			children = (
				DC268E37221B19A4003CCAA0 /* LeagueListViewController.swift */,
				DC268E75221B2E16003CCAA0 /* LeagueListViewModel.swift */,
				DC247868221C375000B963BA /* LeagueCellViewModel.swift */,
			);
			path = LeagueList;
			sourceTree = "<group>";
		};
/* End PBXGroup section */

/* Begin PBXNativeTarget section */
		DC268E31221B19A3003CCAA0 /* LeagueNavigator */ = {
			isa = PBXNativeTarget;
			buildConfigurationList = DC268E4F221B19A5003CCAA0 /* Build configuration list for PBXNativeTarget "LeagueNavigator" */;
			buildPhases = (
				DC268E2E221B19A3003CCAA0 /* Sources */,
				DC268E2F221B19A3003CCAA0 /* Frameworks */,
				DC268E30221B19A3003CCAA0 /* Resources */,
			);
			buildRules = (
			);
			dependencies = (
			);
			name = LeagueNavigator;
			productName = LeagueNavigator;
			productReference = DC268E32221B19A3003CCAA0 /* LeagueNavigator.app */;
			productType = "com.apple.product-type.application";
		};
		DC268E45221B19A5003CCAA0 /* LeagueNavigatorTests */ = {
			isa = PBXNativeTarget;
			buildConfigurationList = DC268E52221B19A5003CCAA0 /* Build configuration list for PBXNativeTarget "LeagueNavigatorTests" */;
			buildPhases = (
				DC268E42221B19A5003CCAA0 /* Sources */,
				DC268E43221B19A5003CCAA0 /* Frameworks */,
				DC268E44221B19A5003CCAA0 /* Resources */,
			);
			buildRules = (
			);
			dependencies = (
				DC268E48221B19A5003CCAA0 /* PBXTargetDependency */,
			);
			name = LeagueNavigatorTests;
			productName = LeagueNavigatorTests;
			productReference = DC268E46221B19A5003CCAA0 /* LeagueNavigatorTests.xctest */;
			productType = "com.apple.product-type.bundle.unit-test";
		};
/* End PBXNativeTarget section */

/* Begin PBXProject section */
		DC268E2A221B19A3003CCAA0 /* Project object */ = {
			isa = PBXProject;
			attributes = {
				LastSwiftUpdateCheck = 1010;
				LastUpgradeCheck = 1010;
				ORGANIZATIONNAME = "Dhiman kunal";
				TargetAttributes = {
					DC268E31221B19A3003CCAA0 = {
						CreatedOnToolsVersion = 10.1;
					};
					DC268E45221B19A5003CCAA0 = {
						CreatedOnToolsVersion = 10.1;
						TestTargetID = DC268E31221B19A3003CCAA0;
					};
				};
			};
			buildConfigurationList = DC268E2D221B19A3003CCAA0 /* Build configuration list for PBXProject "LeagueNavigator" */;
			compatibilityVersion = "Xcode 9.3";
			developmentRegion = en;
			hasScannedForEncodings = 0;
			knownRegions = (
				en,
				Base,
			);
			mainGroup = DC268E29221B19A3003CCAA0;
			productRefGroup = DC268E33221B19A3003CCAA0 /* Products */;
			projectDirPath = "";
			projectRoot = "";
			targets = (
				DC268E31221B19A3003CCAA0 /* LeagueNavigator */,
				DC268E45221B19A5003CCAA0 /* LeagueNavigatorTests */,
			);
		};
/* End PBXProject section */

/* Begin PBXResourcesBuildPhase section */
		DC268E30221B19A3003CCAA0 /* Resources */ = {
			isa = PBXResourcesBuildPhase;
			buildActionMask = 2147483647;
			files = (
				DC247880221C4A5100B963BA /* TeamTableViewCell.xib in Resources */,
				DC268E40221B19A5003CCAA0 /* LaunchScreen.storyboard in Resources */,
				DC268E3D221B19A5003CCAA0 /* Assets.xcassets in Resources */,
				DC268E3B221B19A4003CCAA0 /* Main.storyboard in Resources */,
			);
			runOnlyForDeploymentPostprocessing = 0;
		};
		DC268E44221B19A5003CCAA0 /* Resources */ = {
			isa = PBXResourcesBuildPhase;
			buildActionMask = 2147483647;
			files = (
			);
			runOnlyForDeploymentPostprocessing = 0;
		};
/* End PBXResourcesBuildPhase section */

/* Begin PBXSourcesBuildPhase section */
		DC268E2E221B19A3003CCAA0 /* Sources */ = {
			isa = PBXSourcesBuildPhase;
			buildActionMask = 2147483647;
			files = (
				DC268E6D221B262E003CCAA0 /* LeaguesDetailsService.swift in Sources */,
				DC268E69221B1E35003CCAA0 /* Team.swift in Sources */,
				DC247869221C375000B963BA /* LeagueCellViewModel.swift in Sources */,
				DC247878221C446600B963BA /* State.swift in Sources */,
				DC268E5A221B1AD1003CCAA0 /* NetworkSession.swift in Sources */,
				DC24787F221C4A5100B963BA /* TeamTableViewCell.swift in Sources */,
				DC268E64221B1D2F003CCAA0 /* LeagueAPIClient.swift in Sources */,
				DC24786F221C3F5300B963BA /* ThreadUtil.swift in Sources */,
				DC268E67221B1DC8003CCAA0 /* League.swift in Sources */,
				DC268E5F221B1C2F003CCAA0 /* Result.swift in Sources */,
				DC268E5C221B1AE1003CCAA0 /* Request.swift in Sources */,
				DC268E6B221B1FC0003CCAA0 /* LeagueService.swift in Sources */,
				DC24787A221C462A00B963BA /* TeamCellViewModel.swift in Sources */,
				DC268E38221B19A4003CCAA0 /* LeagueListViewController.swift in Sources */,
				DC24786D221C39A200B963BA /* URLSession+NetworkSession.swift in Sources */,
				DC268E6F221B2984003CCAA0 /* NetworkError.swift in Sources */,
				DC24787C221C494A00B963BA /* UIColor+HEX.swift in Sources */,
				DC268E36221B19A4003CCAA0 /* AppDelegate.swift in Sources */,
				DC268E76221B2E16003CCAA0 /* LeagueListViewModel.swift in Sources */,
				DC268E61221B1CC2003CCAA0 /* APIClient.swift in Sources */,
				DC247876221C445500B963BA /* TeamListViewModel.swift in Sources */,
				DC24786B221C393F00B963BA /* NetworkConstatants.swift in Sources */,
				DC247872221C439C00B963BA /* TeamListViewController.swift in Sources */,
			);
			runOnlyForDeploymentPostprocessing = 0;
		};
		DC268E42221B19A5003CCAA0 /* Sources */ = {
			isa = PBXSourcesBuildPhase;
			buildActionMask = 2147483647;
			files = (
				DC268E4B221B19A5003CCAA0 /* LeagueNavigatorTests.swift in Sources */,
			);
			runOnlyForDeploymentPostprocessing = 0;
		};
/* End PBXSourcesBuildPhase section */

/* Begin PBXTargetDependency section */
		DC268E48221B19A5003CCAA0 /* PBXTargetDependency */ = {
			isa = PBXTargetDependency;
			target = DC268E31221B19A3003CCAA0 /* LeagueNavigator */;
			targetProxy = DC268E47221B19A5003CCAA0 /* PBXContainerItemProxy */;
		};
/* End PBXTargetDependency section */

/* Begin PBXVariantGroup section */
		DC268E39221B19A4003CCAA0 /* Main.storyboard */ = {
			isa = PBXVariantGroup;
			children = (
				DC268E3A221B19A4003CCAA0 /* Base */,
			);
			name = Main.storyboard;
			sourceTree = "<group>";
		};
		DC268E3E221B19A5003CCAA0 /* LaunchScreen.storyboard */ = {
			isa = PBXVariantGroup;
			children = (
				DC268E3F221B19A5003CCAA0 /* Base */,
			);
			name = LaunchScreen.storyboard;
			sourceTree = "<group>";
		};
/* End PBXVariantGroup section */

/* Begin XCBuildConfiguration section */
		DC268E4D221B19A5003CCAA0 /* Debug */ = {
			isa = XCBuildConfiguration;
			buildSettings = {
				ALWAYS_SEARCH_USER_PATHS = NO;
				CLANG_ANALYZER_NONNULL = YES;
				CLANG_ANALYZER_NUMBER_OBJECT_CONVERSION = YES_AGGRESSIVE;
				CLANG_CXX_LANGUAGE_STANDARD = "gnu++14";
				CLANG_CXX_LIBRARY = "libc++";
				CLANG_ENABLE_MODULES = YES;
				CLANG_ENABLE_OBJC_ARC = YES;
				CLANG_ENABLE_OBJC_WEAK = YES;
				CLANG_WARN_BLOCK_CAPTURE_AUTORELEASING = YES;
				CLANG_WARN_BOOL_CONVERSION = YES;
				CLANG_WARN_COMMA = YES;
				CLANG_WARN_CONSTANT_CONVERSION = YES;
				CLANG_WARN_DEPRECATED_OBJC_IMPLEMENTATIONS = YES;
				CLANG_WARN_DIRECT_OBJC_ISA_USAGE = YES_ERROR;
				CLANG_WARN_DOCUMENTATION_COMMENTS = YES;
				CLANG_WARN_EMPTY_BODY = YES;
				CLANG_WARN_ENUM_CONVERSION = YES;
				CLANG_WARN_INFINITE_RECURSION = YES;
				CLANG_WARN_INT_CONVERSION = YES;
				CLANG_WARN_NON_LITERAL_NULL_CONVERSION = YES;
				CLANG_WARN_OBJC_IMPLICIT_RETAIN_SELF = YES;
				CLANG_WARN_OBJC_LITERAL_CONVERSION = YES;
				CLANG_WARN_OBJC_ROOT_CLASS = YES_ERROR;
				CLANG_WARN_RANGE_LOOP_ANALYSIS = YES;
				CLANG_WARN_STRICT_PROTOTYPES = YES;
				CLANG_WARN_SUSPICIOUS_MOVE = YES;
				CLANG_WARN_UNGUARDED_AVAILABILITY = YES_AGGRESSIVE;
				CLANG_WARN_UNREACHABLE_CODE = YES;
				CLANG_WARN__DUPLICATE_METHOD_MATCH = YES;
				CODE_SIGN_IDENTITY = "iPhone Developer";
				COPY_PHASE_STRIP = NO;
				DEBUG_INFORMATION_FORMAT = dwarf;
				ENABLE_STRICT_OBJC_MSGSEND = YES;
				ENABLE_TESTABILITY = YES;
				GCC_C_LANGUAGE_STANDARD = gnu11;
				GCC_DYNAMIC_NO_PIC = NO;
				GCC_NO_COMMON_BLOCKS = YES;
				GCC_OPTIMIZATION_LEVEL = 0;
				GCC_PREPROCESSOR_DEFINITIONS = (
					"DEBUG=1",
					"$(inherited)",
				);
				GCC_WARN_64_TO_32_BIT_CONVERSION = YES;
				GCC_WARN_ABOUT_RETURN_TYPE = YES_ERROR;
				GCC_WARN_UNDECLARED_SELECTOR = YES;
				GCC_WARN_UNINITIALIZED_AUTOS = YES_AGGRESSIVE;
				GCC_WARN_UNUSED_FUNCTION = YES;
				GCC_WARN_UNUSED_VARIABLE = YES;
				IPHONEOS_DEPLOYMENT_TARGET = 12.1;
				MTL_ENABLE_DEBUG_INFO = INCLUDE_SOURCE;
				MTL_FAST_MATH = YES;
				ONLY_ACTIVE_ARCH = YES;
				SDKROOT = iphoneos;
				SWIFT_ACTIVE_COMPILATION_CONDITIONS = DEBUG;
				SWIFT_OPTIMIZATION_LEVEL = "-Onone";
			};
			name = Debug;
		};
		DC268E4E221B19A5003CCAA0 /* Release */ = {
			isa = XCBuildConfiguration;
			buildSettings = {
				ALWAYS_SEARCH_USER_PATHS = NO;
				CLANG_ANALYZER_NONNULL = YES;
				CLANG_ANALYZER_NUMBER_OBJECT_CONVERSION = YES_AGGRESSIVE;
				CLANG_CXX_LANGUAGE_STANDARD = "gnu++14";
				CLANG_CXX_LIBRARY = "libc++";
				CLANG_ENABLE_MODULES = YES;
				CLANG_ENABLE_OBJC_ARC = YES;
				CLANG_ENABLE_OBJC_WEAK = YES;
				CLANG_WARN_BLOCK_CAPTURE_AUTORELEASING = YES;
				CLANG_WARN_BOOL_CONVERSION = YES;
				CLANG_WARN_COMMA = YES;
				CLANG_WARN_CONSTANT_CONVERSION = YES;
				CLANG_WARN_DEPRECATED_OBJC_IMPLEMENTATIONS = YES;
				CLANG_WARN_DIRECT_OBJC_ISA_USAGE = YES_ERROR;
				CLANG_WARN_DOCUMENTATION_COMMENTS = YES;
				CLANG_WARN_EMPTY_BODY = YES;
				CLANG_WARN_ENUM_CONVERSION = YES;
				CLANG_WARN_INFINITE_RECURSION = YES;
				CLANG_WARN_INT_CONVERSION = YES;
				CLANG_WARN_NON_LITERAL_NULL_CONVERSION = YES;
				CLANG_WARN_OBJC_IMPLICIT_RETAIN_SELF = YES;
				CLANG_WARN_OBJC_LITERAL_CONVERSION = YES;
				CLANG_WARN_OBJC_ROOT_CLASS = YES_ERROR;
				CLANG_WARN_RANGE_LOOP_ANALYSIS = YES;
				CLANG_WARN_STRICT_PROTOTYPES = YES;
				CLANG_WARN_SUSPICIOUS_MOVE = YES;
				CLANG_WARN_UNGUARDED_AVAILABILITY = YES_AGGRESSIVE;
				CLANG_WARN_UNREACHABLE_CODE = YES;
				CLANG_WARN__DUPLICATE_METHOD_MATCH = YES;
				CODE_SIGN_IDENTITY = "iPhone Developer";
				COPY_PHASE_STRIP = NO;
				DEBUG_INFORMATION_FORMAT = "dwarf-with-dsym";
				ENABLE_NS_ASSERTIONS = NO;
				ENABLE_STRICT_OBJC_MSGSEND = YES;
				GCC_C_LANGUAGE_STANDARD = gnu11;
				GCC_NO_COMMON_BLOCKS = YES;
				GCC_WARN_64_TO_32_BIT_CONVERSION = YES;
				GCC_WARN_ABOUT_RETURN_TYPE = YES_ERROR;
				GCC_WARN_UNDECLARED_SELECTOR = YES;
				GCC_WARN_UNINITIALIZED_AUTOS = YES_AGGRESSIVE;
				GCC_WARN_UNUSED_FUNCTION = YES;
				GCC_WARN_UNUSED_VARIABLE = YES;
				IPHONEOS_DEPLOYMENT_TARGET = 12.1;
				MTL_ENABLE_DEBUG_INFO = NO;
				MTL_FAST_MATH = YES;
				SDKROOT = iphoneos;
				SWIFT_COMPILATION_MODE = wholemodule;
				SWIFT_OPTIMIZATION_LEVEL = "-O";
				VALIDATE_PRODUCT = YES;
			};
			name = Release;
		};
		DC268E50221B19A5003CCAA0 /* Debug */ = {
			isa = XCBuildConfiguration;
			buildSettings = {
				ASSETCATALOG_COMPILER_APPICON_NAME = AppIcon;
				CODE_SIGN_STYLE = Automatic;
				INFOPLIST_FILE = LeagueNavigator/Info.plist;
				LD_RUNPATH_SEARCH_PATHS = (
					"$(inherited)",
					"@executable_path/Frameworks",
				);
				PRODUCT_BUNDLE_IDENTIFIER = com.kd.LeagueNavigator;
				PRODUCT_NAME = "$(TARGET_NAME)";
				SWIFT_VERSION = 4.2;
				TARGETED_DEVICE_FAMILY = "1,2";
			};
			name = Debug;
		};
		DC268E51221B19A5003CCAA0 /* Release */ = {
			isa = XCBuildConfiguration;
			buildSettings = {
				ASSETCATALOG_COMPILER_APPICON_NAME = AppIcon;
				CODE_SIGN_STYLE = Automatic;
				INFOPLIST_FILE = LeagueNavigator/Info.plist;
				LD_RUNPATH_SEARCH_PATHS = (
					"$(inherited)",
					"@executable_path/Frameworks",
				);
				PRODUCT_BUNDLE_IDENTIFIER = com.kd.LeagueNavigator;
				PRODUCT_NAME = "$(TARGET_NAME)";
				SWIFT_VERSION = 4.2;
				TARGETED_DEVICE_FAMILY = "1,2";
			};
			name = Release;
		};
		DC268E53221B19A5003CCAA0 /* Debug */ = {
			isa = XCBuildConfiguration;
			buildSettings = {
				ALWAYS_EMBED_SWIFT_STANDARD_LIBRARIES = YES;
				BUNDLE_LOADER = "$(TEST_HOST)";
				CODE_SIGN_STYLE = Automatic;
				INFOPLIST_FILE = LeagueNavigatorTests/Info.plist;
				LD_RUNPATH_SEARCH_PATHS = (
					"$(inherited)",
					"@executable_path/Frameworks",
					"@loader_path/Frameworks",
				);
				PRODUCT_BUNDLE_IDENTIFIER = com.kd.LeagueNavigatorTests;
				PRODUCT_NAME = "$(TARGET_NAME)";
				SWIFT_VERSION = 4.2;
				TARGETED_DEVICE_FAMILY = "1,2";
				TEST_HOST = "$(BUILT_PRODUCTS_DIR)/LeagueNavigator.app/LeagueNavigator";
			};
			name = Debug;
		};
		DC268E54221B19A5003CCAA0 /* Release */ = {
			isa = XCBuildConfiguration;
			buildSettings = {
				ALWAYS_EMBED_SWIFT_STANDARD_LIBRARIES = YES;
				BUNDLE_LOADER = "$(TEST_HOST)";
				CODE_SIGN_STYLE = Automatic;
				INFOPLIST_FILE = LeagueNavigatorTests/Info.plist;
				LD_RUNPATH_SEARCH_PATHS = (
					"$(inherited)",
					"@executable_path/Frameworks",
					"@loader_path/Frameworks",
				);
				PRODUCT_BUNDLE_IDENTIFIER = com.kd.LeagueNavigatorTests;
				PRODUCT_NAME = "$(TARGET_NAME)";
				SWIFT_VERSION = 4.2;
				TARGETED_DEVICE_FAMILY = "1,2";
				TEST_HOST = "$(BUILT_PRODUCTS_DIR)/LeagueNavigator.app/LeagueNavigator";
			};
			name = Release;
		};
/* End XCBuildConfiguration section */

/* Begin XCConfigurationList section */
		DC268E2D221B19A3003CCAA0 /* Build configuration list for PBXProject "LeagueNavigator" */ = {
			isa = XCConfigurationList;
			buildConfigurations = (
				DC268E4D221B19A5003CCAA0 /* Debug */,
				DC268E4E221B19A5003CCAA0 /* Release */,
			);
			defaultConfigurationIsVisible = 0;
			defaultConfigurationName = Release;
		};
		DC268E4F221B19A5003CCAA0 /* Build configuration list for PBXNativeTarget "LeagueNavigator" */ = {
			isa = XCConfigurationList;
			buildConfigurations = (
				DC268E50221B19A5003CCAA0 /* Debug */,
				DC268E51221B19A5003CCAA0 /* Release */,
			);
			defaultConfigurationIsVisible = 0;
			defaultConfigurationName = Release;
		};
		DC268E52221B19A5003CCAA0 /* Build configuration list for PBXNativeTarget "LeagueNavigatorTests" */ = {
			isa = XCConfigurationList;
			buildConfigurations = (
				DC268E53221B19A5003CCAA0 /* Debug */,
				DC268E54221B19A5003CCAA0 /* Release */,
			);
			defaultConfigurationIsVisible = 0;
			defaultConfigurationName = Release;
		};
/* End XCConfigurationList section */
	};
	rootObject = DC268E2A221B19A3003CCAA0 /* Project object */;
}
